{
	"name": "uni-config-center",
	"version": "0.0.2",
	"lockfileVersion": 2,
	"requires": true,
	"packages": {
		"": {
			"version": "0.0.2",
			"license": "Apache-2.0",
			"dependencies": {
				"uni-id": "file:../../../../../uni-id/uniCloud/cloudfunctions/common/uni-id"
			}
		},
		"../../../../../uni-id/uniCloud/cloudfunctions/common/uni-id": {
			"version": "3.1.0",
			"license": "Apache-2.0"
		},
		"node_modules/uni-id": {
			"resolved": "../../../../../uni-id/uniCloud/cloudfunctions/common/uni-id",
			"link": true
		}
	},
	"dependencies": {
		"uni-id": {
			"version": "file:../../../../../uni-id/uniCloud/cloudfunctions/common/uni-id"
		}
	}
}
